{"is_source_file": false, "format": "", "description": "", "external_files": [], "external_methods": [], "published": [], "classes": [], "methods": [], "calls": [], "search-terms": [], "state": 2, "file_id": 29, "knowledge_revision": 57, "git_revision": "5cb519f10092ff24502a49f5570faf10c113e6d4", "filename": "/home/kavia/workspace/code-generation/piggyhabit-23249-9debde6f/piggyhabit/post_process_status.lock", "hash": "e9b4c3b42cef0193b7fddb548d37e652", "format-version": 4, "code-base-name": "default", "revision_history": [{"57": "5cb519f10092ff24502a49f5570faf10c113e6d4"}]}